// !$*UTF8*$!
{
	archiveVersion = 1;
	classes = {
	};
	objectVersion = 46;
	objects = {

/* Begin PBXBuildFile section */
		07019B0E1B5A38EF00B53022 /* AppDelegate.swift in Sources */ = {isa = PBXBuildFile; fileRef = 07019B0D1B5A38EF00B53022 /* AppDelegate.swift */; };
		07019B101B5A38EF00B53022 /* SearchViewController.swift in Sources */ = {isa = PBXBuildFile; fileRef = 07019B0F1B5A38EF00B53022 /* SearchViewController.swift */; };
		07019B131B5A38EF00B53022 /* Main.storyboard in Resources */ = {isa = PBXBuildFile; fileRef = 07019B111B5A38EF00B53022 /* Main.storyboard */; };
		07019B151B5A38EF00B53022 /* Images.xcassets in Resources */ = {isa = PBXBuildFile; fileRef = 07019B141B5A38EF00B53022 /* Images.xcassets */; };
		07019B241B5A38EF00B53022 /* StoreSearchTests.swift in Sources */ = {isa = PBXBuildFile; fileRef = 07019B231B5A38EF00B53022 /* StoreSearchTests.swift */; };
		0799EF441B5D053B00E2F809 /* LoadingCell.xib in Resources */ = {isa = PBXBuildFile; fileRef = 0799EF431B5D053B00E2F809 /* LoadingCell.xib */; };
		0799EF461B5D7BC400E2F809 /* UIImageView+DownloadImage.swift in Sources */ = {isa = PBXBuildFile; fileRef = 0799EF451B5D7BC400E2F809 /* UIImageView+DownloadImage.swift */; };
		07CB1B791B5A4D7300F4E68F /* SearchResultCell.xib in Resources */ = {isa = PBXBuildFile; fileRef = 07CB1B781B5A4D7300F4E68F /* SearchResultCell.xib */; };
		07CB1B7B1B5A50BB00F4E68F /* SearchResultCell.swift in Sources */ = {isa = PBXBuildFile; fileRef = 07CB1B7A1B5A50BB00F4E68F /* SearchResultCell.swift */; };
		07CB1B7D1B5A57CC00F4E68F /* NothingFoundCell.xib in Resources */ = {isa = PBXBuildFile; fileRef = 07CB1B7C1B5A57CC00F4E68F /* NothingFoundCell.xib */; };
		07D9DF711B5E799A00BBE6E6 /* DetailViewController.swift in Sources */ = {isa = PBXBuildFile; fileRef = 07D9DF6F1B5E799A00BBE6E6 /* DetailViewController.swift */; };
		07D9DF721B5E799A00BBE6E6 /* DimmingPresentationController.swift in Sources */ = {isa = PBXBuildFile; fileRef = 07D9DF701B5E799A00BBE6E6 /* DimmingPresentationController.swift */; };
		07D9DF741B5E79F600BBE6E6 /* GradientView.swift in Sources */ = {isa = PBXBuildFile; fileRef = 07D9DF731B5E79F600BBE6E6 /* GradientView.swift */; };
		07D9DF761B5E7F6600BBE6E6 /* BounceAnimationController.swift in Sources */ = {isa = PBXBuildFile; fileRef = 07D9DF751B5E7F6600BBE6E6 /* BounceAnimationController.swift */; };
		07D9DF781B5E895200BBE6E6 /* SlideOutAnimationController.swift in Sources */ = {isa = PBXBuildFile; fileRef = 07D9DF771B5E895200BBE6E6 /* SlideOutAnimationController.swift */; };
		07F073A21B5A4668001A1D48 /* SearchResult.swift in Sources */ = {isa = PBXBuildFile; fileRef = 07F073A11B5A4668001A1D48 /* SearchResult.swift */; };
/* End PBXBuildFile section */

/* Begin PBXContainerItemProxy section */
		07019B1E1B5A38EF00B53022 /* PBXContainerItemProxy */ = {
			isa = PBXContainerItemProxy;
			containerPortal = 07019B001B5A38EF00B53022 /* Project object */;
			proxyType = 1;
			remoteGlobalIDString = 07019B071B5A38EF00B53022;
			remoteInfo = StoreSearch;
		};
/* End PBXContainerItemProxy section */

/* Begin PBXFileReference section */
		07019B081B5A38EF00B53022 /* StoreSearch.app */ = {isa = PBXFileReference; explicitFileType = wrapper.application; includeInIndex = 0; path = StoreSearch.app; sourceTree = BUILT_PRODUCTS_DIR; };
		07019B0C1B5A38EF00B53022 /* Info.plist */ = {isa = PBXFileReference; lastKnownFileType = text.plist.xml; path = Info.plist; sourceTree = "<group>"; };
		07019B0D1B5A38EF00B53022 /* AppDelegate.swift */ = {isa = PBXFileReference; lastKnownFileType = sourcecode.swift; path = AppDelegate.swift; sourceTree = "<group>"; };
		07019B0F1B5A38EF00B53022 /* SearchViewController.swift */ = {isa = PBXFileReference; lastKnownFileType = sourcecode.swift; path = SearchViewController.swift; sourceTree = "<group>"; };
		07019B121B5A38EF00B53022 /* Base */ = {isa = PBXFileReference; lastKnownFileType = file.storyboard; name = Base; path = Base.lproj/Main.storyboard; sourceTree = "<group>"; };
		07019B141B5A38EF00B53022 /* Images.xcassets */ = {isa = PBXFileReference; lastKnownFileType = folder.assetcatalog; path = Images.xcassets; sourceTree = "<group>"; };
		07019B1D1B5A38EF00B53022 /* StoreSearchTests.xctest */ = {isa = PBXFileReference; explicitFileType = wrapper.cfbundle; includeInIndex = 0; path = StoreSearchTests.xctest; sourceTree = BUILT_PRODUCTS_DIR; };
		07019B221B5A38EF00B53022 /* Info.plist */ = {isa = PBXFileReference; lastKnownFileType = text.plist.xml; path = Info.plist; sourceTree = "<group>"; };
		07019B231B5A38EF00B53022 /* StoreSearchTests.swift */ = {isa = PBXFileReference; lastKnownFileType = sourcecode.swift; path = StoreSearchTests.swift; sourceTree = "<group>"; };
		0799EF431B5D053B00E2F809 /* LoadingCell.xib */ = {isa = PBXFileReference; fileEncoding = 4; lastKnownFileType = file.xib; path = LoadingCell.xib; sourceTree = "<group>"; };
		0799EF451B5D7BC400E2F809 /* UIImageView+DownloadImage.swift */ = {isa = PBXFileReference; fileEncoding = 4; lastKnownFileType = sourcecode.swift; path = "UIImageView+DownloadImage.swift"; sourceTree = "<group>"; };
		07CB1B781B5A4D7300F4E68F /* SearchResultCell.xib */ = {isa = PBXFileReference; fileEncoding = 4; lastKnownFileType = file.xib; path = SearchResultCell.xib; sourceTree = "<group>"; };
		07CB1B7A1B5A50BB00F4E68F /* SearchResultCell.swift */ = {isa = PBXFileReference; fileEncoding = 4; lastKnownFileType = sourcecode.swift; path = SearchResultCell.swift; sourceTree = "<group>"; };
		07CB1B7C1B5A57CC00F4E68F /* NothingFoundCell.xib */ = {isa = PBXFileReference; fileEncoding = 4; lastKnownFileType = file.xib; path = NothingFoundCell.xib; sourceTree = "<group>"; };
		07D9DF6F1B5E799A00BBE6E6 /* DetailViewController.swift */ = {isa = PBXFileReference; fileEncoding = 4; lastKnownFileType = sourcecode.swift; path = DetailViewController.swift; sourceTree = "<group>"; };
		07D9DF701B5E799A00BBE6E6 /* DimmingPresentationController.swift */ = {isa = PBXFileReference; fileEncoding = 4; lastKnownFileType = sourcecode.swift; path = DimmingPresentationController.swift; sourceTree = "<group>"; };
		07D9DF731B5E79F600BBE6E6 /* GradientView.swift */ = {isa = PBXFileReference; fileEncoding = 4; lastKnownFileType = sourcecode.swift; path = GradientView.swift; sourceTree = "<group>"; };
		07D9DF751B5E7F6600BBE6E6 /* BounceAnimationController.swift */ = {isa = PBXFileReference; fileEncoding = 4; lastKnownFileType = sourcecode.swift; path = BounceAnimationController.swift; sourceTree = "<group>"; };
		07D9DF771B5E895200BBE6E6 /* SlideOutAnimationController.swift */ = {isa = PBXFileReference; fileEncoding = 4; lastKnownFileType = sourcecode.swift; path = SlideOutAnimationController.swift; sourceTree = "<group>"; };
		07F073A11B5A4668001A1D48 /* SearchResult.swift */ = {isa = PBXFileReference; fileEncoding = 4; lastKnownFileType = sourcecode.swift; path = SearchResult.swift; sourceTree = "<group>"; };
/* End PBXFileReference section */

/* Begin PBXFrameworksBuildPhase section */
		07019B051B5A38EF00B53022 /* Frameworks */ = {
			isa = PBXFrameworksBuildPhase;
			buildActionMask = 2147483647;
			files = (
			);
			runOnlyForDeploymentPostprocessing = 0;
		};
		07019B1A1B5A38EF00B53022 /* Frameworks */ = {
			isa = PBXFrameworksBuildPhase;
			buildActionMask = 2147483647;
			files = (
			);
			runOnlyForDeploymentPostprocessing = 0;
		};
/* End PBXFrameworksBuildPhase section */

/* Begin PBXGroup section */
		07019AFF1B5A38EF00B53022 = {
			isa = PBXGroup;
			children = (
				07019B0A1B5A38EF00B53022 /* StoreSearch */,
				07019B201B5A38EF00B53022 /* StoreSearchTests */,
				07019B091B5A38EF00B53022 /* Products */,
			);
			sourceTree = "<group>";
		};
		07019B091B5A38EF00B53022 /* Products */ = {
			isa = PBXGroup;
			children = (
				07019B081B5A38EF00B53022 /* StoreSearch.app */,
				07019B1D1B5A38EF00B53022 /* StoreSearchTests.xctest */,
			);
			name = Products;
			sourceTree = "<group>";
		};
		07019B0A1B5A38EF00B53022 /* StoreSearch */ = {
			isa = PBXGroup;
			children = (
				07019B0D1B5A38EF00B53022 /* AppDelegate.swift */,
				07019B0F1B5A38EF00B53022 /* SearchViewController.swift */,
				0799EF451B5D7BC400E2F809 /* UIImageView+DownloadImage.swift */,
				07D9DF6F1B5E799A00BBE6E6 /* DetailViewController.swift */,
				07D9DF751B5E7F6600BBE6E6 /* BounceAnimationController.swift */,
				07D9DF701B5E799A00BBE6E6 /* DimmingPresentationController.swift */,
				07D9DF771B5E895200BBE6E6 /* SlideOutAnimationController.swift */,
				07D9DF731B5E79F600BBE6E6 /* GradientView.swift */,
				0799EF431B5D053B00E2F809 /* LoadingCell.xib */,
				07CB1B7C1B5A57CC00F4E68F /* NothingFoundCell.xib */,
				07CB1B7A1B5A50BB00F4E68F /* SearchResultCell.swift */,
				07F073A11B5A4668001A1D48 /* SearchResult.swift */,
				07019B111B5A38EF00B53022 /* Main.storyboard */,
				07019B141B5A38EF00B53022 /* Images.xcassets */,
				07CB1B781B5A4D7300F4E68F /* SearchResultCell.xib */,
				07019B0B1B5A38EF00B53022 /* Supporting Files */,
			);
			path = StoreSearch;
			sourceTree = "<group>";
		};
		07019B0B1B5A38EF00B53022 /* Supporting Files */ = {
			isa = PBXGroup;
			children = (
				07019B0C1B5A38EF00B53022 /* Info.plist */,
			);
			name = "Supporting Files";
			sourceTree = "<group>";
		};
		07019B201B5A38EF00B53022 /* StoreSearchTests */ = {
			isa = PBXGroup;
			children = (
				07019B231B5A38EF00B53022 /* StoreSearchTests.swift */,
				07019B211B5A38EF00B53022 /* Supporting Files */,
			);
			path = StoreSearchTests;
			sourceTree = "<group>";
		};
		07019B211B5A38EF00B53022 /* Supporting Files */ = {
			isa = PBXGroup;
			children = (
				07019B221B5A38EF00B53022 /* Info.plist */,
			);
			name = "Supporting Files";
			sourceTree = "<group>";
		};
/* End PBXGroup section */

/* Begin PBXNativeTarget section */
		07019B071B5A38EF00B53022 /* StoreSearch */ = {
			isa = PBXNativeTarget;
			buildConfigurationList = 07019B271B5A38EF00B53022 /* Build configuration list for PBXNativeTarget "StoreSearch" */;
			buildPhases = (
				07019B041B5A38EF00B53022 /* Sources */,
				07019B051B5A38EF00B53022 /* Frameworks */,
				07019B061B5A38EF00B53022 /* Resources */,
			);
			buildRules = (
			);
			dependencies = (
			);
			name = StoreSearch;
			productName = StoreSearch;
			productReference = 07019B081B5A38EF00B53022 /* StoreSearch.app */;
			productType = "com.apple.product-type.application";
		};
		07019B1C1B5A38EF00B53022 /* StoreSearchTests */ = {
			isa = PBXNativeTarget;
			buildConfigurationList = 07019B2A1B5A38EF00B53022 /* Build configuration list for PBXNativeTarget "StoreSearchTests" */;
			buildPhases = (
				07019B191B5A38EF00B53022 /* Sources */,
				07019B1A1B5A38EF00B53022 /* Frameworks */,
				07019B1B1B5A38EF00B53022 /* Resources */,
			);
			buildRules = (
			);
			dependencies = (
				07019B1F1B5A38EF00B53022 /* PBXTargetDependency */,
			);
			name = StoreSearchTests;
			productName = StoreSearchTests;
			productReference = 07019B1D1B5A38EF00B53022 /* StoreSearchTests.xctest */;
			productType = "com.apple.product-type.bundle.unit-test";
		};
/* End PBXNativeTarget section */

/* Begin PBXProject section */
		07019B001B5A38EF00B53022 /* Project object */ = {
			isa = PBXProject;
			attributes = {
				LastUpgradeCheck = 0640;
				ORGANIZATIONNAME = Hippocn;
				TargetAttributes = {
					07019B071B5A38EF00B53022 = {
						CreatedOnToolsVersion = 6.4;
					};
					07019B1C1B5A38EF00B53022 = {
						CreatedOnToolsVersion = 6.4;
						TestTargetID = 07019B071B5A38EF00B53022;
					};
				};
			};
			buildConfigurationList = 07019B031B5A38EF00B53022 /* Build configuration list for PBXProject "StoreSearch" */;
			compatibilityVersion = "Xcode 3.2";
			developmentRegion = English;
			hasScannedForEncodings = 0;
			knownRegions = (
				en,
				Base,
			);
			mainGroup = 07019AFF1B5A38EF00B53022;
			productRefGroup = 07019B091B5A38EF00B53022 /* Products */;
			projectDirPath = "";
			projectRoot = "";
			targets = (
				07019B071B5A38EF00B53022 /* StoreSearch */,
				07019B1C1B5A38EF00B53022 /* StoreSearchTests */,
			);
		};
/* End PBXProject section */

/* Begin PBXResourcesBuildPhase section */
		07019B061B5A38EF00B53022 /* Resources */ = {
			isa = PBXResourcesBuildPhase;
			buildActionMask = 2147483647;
			files = (
				07019B131B5A38EF00B53022 /* Main.storyboard in Resources */,
				0799EF441B5D053B00E2F809 /* LoadingCell.xib in Resources */,
				07CB1B791B5A4D7300F4E68F /* SearchResultCell.xib in Resources */,
				07CB1B7D1B5A57CC00F4E68F /* NothingFoundCell.xib in Resources */,
				07019B151B5A38EF00B53022 /* Images.xcassets in Resources */,
			);
			runOnlyForDeploymentPostprocessing = 0;
		};
		07019B1B1B5A38EF00B53022 /* Resources */ = {
			isa = PBXResourcesBuildPhase;
			buildActionMask = 2147483647;
			files = (
			);
			runOnlyForDeploymentPostprocessing = 0;
		};
/* End PBXResourcesBuildPhase section */

/* Begin PBXSourcesBuildPhase section */
		07019B041B5A38EF00B53022 /* Sources */ = {
			isa = PBXSourcesBuildPhase;
			buildActionMask = 2147483647;
			files = (
				07019B101B5A38EF00B53022 /* SearchViewController.swift in Sources */,
				07D9DF721B5E799A00BBE6E6 /* DimmingPresentationController.swift in Sources */,
				07F073A21B5A4668001A1D48 /* SearchResult.swift in Sources */,
				07CB1B7B1B5A50BB00F4E68F /* SearchResultCell.swift in Sources */,
				07D9DF761B5E7F6600BBE6E6 /* BounceAnimationController.swift in Sources */,
				07D9DF711B5E799A00BBE6E6 /* DetailViewController.swift in Sources */,
				07019B0E1B5A38EF00B53022 /* AppDelegate.swift in Sources */,
				07D9DF741B5E79F600BBE6E6 /* GradientView.swift in Sources */,
				0799EF461B5D7BC400E2F809 /* UIImageView+DownloadImage.swift in Sources */,
				07D9DF781B5E895200BBE6E6 /* SlideOutAnimationController.swift in Sources */,
			);
			runOnlyForDeploymentPostprocessing = 0;
		};
		07019B191B5A38EF00B53022 /* Sources */ = {
			isa = PBXSourcesBuildPhase;
			buildActionMask = 2147483647;
			files = (
				07019B241B5A38EF00B53022 /* StoreSearchTests.swift in Sources */,
			);
			runOnlyForDeploymentPostprocessing = 0;
		};
/* End PBXSourcesBuildPhase section */

/* Begin PBXTargetDependency section */
		07019B1F1B5A38EF00B53022 /* PBXTargetDependency */ = {
			isa = PBXTargetDependency;
			target = 07019B071B5A38EF00B53022 /* StoreSearch */;
			targetProxy = 07019B1E1B5A38EF00B53022 /* PBXContainerItemProxy */;
		};
/* End PBXTargetDependency section */

/* Begin PBXVariantGroup section */
		07019B111B5A38EF00B53022 /* Main.storyboard */ = {
			isa = PBXVariantGroup;
			children = (
				07019B121B5A38EF00B53022 /* Base */,
			);
			name = Main.storyboard;
			sourceTree = "<group>";
		};
/* End PBXVariantGroup section */

/* Begin XCBuildConfiguration section */
		07019B251B5A38EF00B53022 /* Debug */ = {
			isa = XCBuildConfiguration;
			buildSettings = {
				ALWAYS_SEARCH_USER_PATHS = NO;
				CLANG_CXX_LANGUAGE_STANDARD = "gnu++0x";
				CLANG_CXX_LIBRARY = "libc++";
				CLANG_ENABLE_MODULES = YES;
				CLANG_ENABLE_OBJC_ARC = YES;
				CLANG_WARN_BOOL_CONVERSION = YES;
				CLANG_WARN_CONSTANT_CONVERSION = YES;
				CLANG_WARN_DIRECT_OBJC_ISA_USAGE = YES_ERROR;
				CLANG_WARN_EMPTY_BODY = YES;
				CLANG_WARN_ENUM_CONVERSION = YES;
				CLANG_WARN_INT_CONVERSION = YES;
				CLANG_WARN_OBJC_ROOT_CLASS = YES_ERROR;
				CLANG_WARN_UNREACHABLE_CODE = YES;
				CLANG_WARN__DUPLICATE_METHOD_MATCH = YES;
				"CODE_SIGN_IDENTITY[sdk=iphoneos*]" = "iPhone Developer";
				COPY_PHASE_STRIP = NO;
				DEBUG_INFORMATION_FORMAT = "dwarf-with-dsym";
				ENABLE_STRICT_OBJC_MSGSEND = YES;
				GCC_C_LANGUAGE_STANDARD = gnu99;
				GCC_DYNAMIC_NO_PIC = NO;
				GCC_NO_COMMON_BLOCKS = YES;
				GCC_OPTIMIZATION_LEVEL = 0;
				GCC_PREPROCESSOR_DEFINITIONS = (
					"DEBUG=1",
					"$(inherited)",
				);
				GCC_SYMBOLS_PRIVATE_EXTERN = NO;
				GCC_WARN_64_TO_32_BIT_CONVERSION = YES;
				GCC_WARN_ABOUT_RETURN_TYPE = YES_ERROR;
				GCC_WARN_UNDECLARED_SELECTOR = YES;
				GCC_WARN_UNINITIALIZED_AUTOS = YES_AGGRESSIVE;
				GCC_WARN_UNUSED_FUNCTION = YES;
				GCC_WARN_UNUSED_VARIABLE = YES;
				IPHONEOS_DEPLOYMENT_TARGET = 8.4;
				MTL_ENABLE_DEBUG_INFO = YES;
				ONLY_ACTIVE_ARCH = YES;
				SDKROOT = iphoneos;
				SWIFT_OPTIMIZATION_LEVEL = "-Onone";
			};
			name = Debug;
		};
		07019B261B5A38EF00B53022 /* Release */ = {
			isa = XCBuildConfiguration;
			buildSettings = {
				ALWAYS_SEARCH_USER_PATHS = NO;
				CLANG_CXX_LANGUAGE_STANDARD = "gnu++0x";
				CLANG_CXX_LIBRARY = "libc++";
				CLANG_ENABLE_MODULES = YES;
				CLANG_ENABLE_OBJC_ARC = YES;
				CLANG_WARN_BOOL_CONVERSION = YES;
				CLANG_WARN_CONSTANT_CONVERSION = YES;
				CLANG_WARN_DIRECT_OBJC_ISA_USAGE = YES_ERROR;
				CLANG_WARN_EMPTY_BODY = YES;
				CLANG_WARN_ENUM_CONVERSION = YES;
				CLANG_WARN_INT_CONVERSION = YES;
				CLANG_WARN_OBJC_ROOT_CLASS = YES_ERROR;
				CLANG_WARN_UNREACHABLE_CODE = YES;
				CLANG_WARN__DUPLICATE_METHOD_MATCH = YES;
				"CODE_SIGN_IDENTITY[sdk=iphoneos*]" = "iPhone Developer";
				COPY_PHASE_STRIP = NO;
				DEBUG_INFORMATION_FORMAT = "dwarf-with-dsym";
				ENABLE_NS_ASSERTIONS = NO;
				ENABLE_STRICT_OBJC_MSGSEND = YES;
				GCC_C_LANGUAGE_STANDARD = gnu99;
				GCC_NO_COMMON_BLOCKS = YES;
				GCC_WARN_64_TO_32_BIT_CONVERSION = YES;
				GCC_WARN_ABOUT_RETURN_TYPE = YES_ERROR;
				GCC_WARN_UNDECLARED_SELECTOR = YES;
				GCC_WARN_UNINITIALIZED_AUTOS = YES_AGGRESSIVE;
				GCC_WARN_UNUSED_FUNCTION = YES;
				GCC_WARN_UNUSED_VARIABLE = YES;
				IPHONEOS_DEPLOYMENT_TARGET = 8.4;
				MTL_ENABLE_DEBUG_INFO = NO;
				SDKROOT = iphoneos;
				VALIDATE_PRODUCT = YES;
			};
			name = Release;
		};
		07019B281B5A38EF00B53022 /* Debug */ = {
			isa = XCBuildConfiguration;
			buildSettings = {
				ASSETCATALOG_COMPILER_APPICON_NAME = AppIcon;
				INFOPLIST_FILE = StoreSearch/Info.plist;
				LD_RUNPATH_SEARCH_PATHS = "$(inherited) @executable_path/Frameworks";
				PRODUCT_NAME = "$(TARGET_NAME)";
			};
			name = Debug;
		};
		07019B291B5A38EF00B53022 /* Release */ = {
			isa = XCBuildConfiguration;
			buildSettings = {
				ASSETCATALOG_COMPILER_APPICON_NAME = AppIcon;
				INFOPLIST_FILE = StoreSearch/Info.plist;
				LD_RUNPATH_SEARCH_PATHS = "$(inherited) @executable_path/Frameworks";
				PRODUCT_NAME = "$(TARGET_NAME)";
			};
			name = Release;
		};
		07019B2B1B5A38EF00B53022 /* Debug */ = {
			isa = XCBuildConfiguration;
			buildSettings = {
				BUNDLE_LOADER = "$(TEST_HOST)";
				FRAMEWORK_SEARCH_PATHS = (
					"$(SDKROOT)/Developer/Library/Frameworks",
					"$(inherited)",
				);
				GCC_PREPROCESSOR_DEFINITIONS = (
					"DEBUG=1",
					"$(inherited)",
				);
				INFOPLIST_FILE = StoreSearchTests/Info.plist;
				LD_RUNPATH_SEARCH_PATHS = "$(inherited) @executable_path/Frameworks @loader_path/Frameworks";
				PRODUCT_NAME = "$(TARGET_NAME)";
				TEST_HOST = "$(BUILT_PRODUCTS_DIR)/StoreSearch.app/StoreSearch";
			};
			name = Debug;
		};
		07019B2C1B5A38EF00B53022 /* Release */ = {
			isa = XCBuildConfiguration;
			buildSettings = {
				BUNDLE_LOADER = "$(TEST_HOST)";
				FRAMEWORK_SEARCH_PATHS = (
					"$(SDKROOT)/Developer/Library/Frameworks",
					"$(inherited)",
				);
				INFOPLIST_FILE = StoreSearchTests/Info.plist;
				LD_RUNPATH_SEARCH_PATHS = "$(inherited) @executable_path/Frameworks @loader_path/Frameworks";
				PRODUCT_NAME = "$(TARGET_NAME)";
				TEST_HOST = "$(BUILT_PRODUCTS_DIR)/StoreSearch.app/StoreSearch";
			};
			name = Release;
		};
/* End XCBuildConfiguration section */

/* Begin XCConfigurationList section */
		07019B031B5A38EF00B53022 /* Build configuration list for PBXProject "StoreSearch" */ = {
			isa = XCConfigurationList;
			buildConfigurations = (
				07019B251B5A38EF00B53022 /* Debug */,
				07019B261B5A38EF00B53022 /* Release */,
			);
			defaultConfigurationIsVisible = 0;
			defaultConfigurationName = Release;
		};
		07019B271B5A38EF00B53022 /* Build configuration list for PBXNativeTarget "StoreSearch" */ = {
			isa = XCConfigurationList;
			buildConfigurations = (
				07019B281B5A38EF00B53022 /* Debug */,
				07019B291B5A38EF00B53022 /* Release */,
			);
			defaultConfigurationIsVisible = 0;
			defaultConfigurationName = Release;
		};
		07019B2A1B5A38EF00B53022 /* Build configuration list for PBXNativeTarget "StoreSearchTests" */ = {
			isa = XCConfigurationList;
			buildConfigurations = (
				07019B2B1B5A38EF00B53022 /* Debug */,
				07019B2C1B5A38EF00B53022 /* Release */,
			);
			defaultConfigurationIsVisible = 0;
			defaultConfigurationName = Release;
		};
/* End XCConfigurationList section */
	};
	rootObject = 07019B001B5A38EF00B53022 /* Project object */;
}
